// !$*UTF8*$!
{
	archiveVersion = 1;
	classes = {
	};
	objectVersion = 50;
	objects = {

/* Begin PBXBuildFile section */
		317FFE6B24C5CC60000A3652 /* AppDelegate.m in Sources */ = {isa = PBXBuildFile; fileRef = 317FFE6A24C5CC60000A3652 /* AppDelegate.m */; };
		317FFE6E24C5CC60000A3652 /* SceneDelegate.m in Sources */ = {isa = PBXBuildFile; fileRef = 317FFE6D24C5CC60000A3652 /* SceneDelegate.m */; };
		317FFE7124C5CC60000A3652 /* ViewController.m in Sources */ = {isa = PBXBuildFile; fileRef = 317FFE7024C5CC60000A3652 /* ViewController.m */; };
		317FFE7424C5CC60000A3652 /* Main.storyboard in Resources */ = {isa = PBXBuildFile; fileRef = 317FFE7224C5CC60000A3652 /* Main.storyboard */; };
		317FFE7624C5CC62000A3652 /* Assets.xcassets in Resources */ = {isa = PBXBuildFile; fileRef = 317FFE7524C5CC62000A3652 /* Assets.xcassets */; };
		317FFE7924C5CC62000A3652 /* LaunchScreen.storyboard in Resources */ = {isa = PBXBuildFile; fileRef = 317FFE7724C5CC62000A3652 /* LaunchScreen.storyboard */; };
		317FFE7C24C5CC62000A3652 /* main.m in Sources */ = {isa = PBXBuildFile; fileRef = 317FFE7B24C5CC62000A3652 /* main.m */; };
		317FFE8424C5CCD8000A3652 /* XLLabel.m in Sources */ = {isa = PBXBuildFile; fileRef = 317FFE8324C5CCD8000A3652 /* XLLabel.m */; };
/* End PBXBuildFile section */

/* Begin PBXFileReference section */
		317FFE6624C5CC60000A3652 /* iOS_Tips_4.app */ = {isa = PBXFileReference; explicitFileType = wrapper.application; includeInIndex = 0; path = iOS_Tips_4.app; sourceTree = BUILT_PRODUCTS_DIR; };
		317FFE6924C5CC60000A3652 /* AppDelegate.h */ = {isa = PBXFileReference; lastKnownFileType = sourcecode.c.h; path = AppDelegate.h; sourceTree = "<group>"; };
		317FFE6A24C5CC60000A3652 /* AppDelegate.m */ = {isa = PBXFileReference; lastKnownFileType = sourcecode.c.objc; path = AppDelegate.m; sourceTree = "<group>"; };
		317FFE6C24C5CC60000A3652 /* SceneDelegate.h */ = {isa = PBXFileReference; lastKnownFileType = sourcecode.c.h; path = SceneDelegate.h; sourceTree = "<group>"; };
		317FFE6D24C5CC60000A3652 /* SceneDelegate.m */ = {isa = PBXFileReference; lastKnownFileType = sourcecode.c.objc; path = SceneDelegate.m; sourceTree = "<group>"; };
		317FFE6F24C5CC60000A3652 /* ViewController.h */ = {isa = PBXFileReference; lastKnownFileType = sourcecode.c.h; path = ViewController.h; sourceTree = "<group>"; };
		317FFE7024C5CC60000A3652 /* ViewController.m */ = {isa = PBXFileReference; lastKnownFileType = sourcecode.c.objc; path = ViewController.m; sourceTree = "<group>"; };
		317FFE7324C5CC60000A3652 /* Base */ = {isa = PBXFileReference; lastKnownFileType = file.storyboard; name = Base; path = Base.lproj/Main.storyboard; sourceTree = "<group>"; };
		317FFE7524C5CC62000A3652 /* Assets.xcassets */ = {isa = PBXFileReference; lastKnownFileType = folder.assetcatalog; path = Assets.xcassets; sourceTree = "<group>"; };
		317FFE7824C5CC62000A3652 /* Base */ = {isa = PBXFileReference; lastKnownFileType = file.storyboard; name = Base; path = Base.lproj/LaunchScreen.storyboard; sourceTree = "<group>"; };
		317FFE7A24C5CC62000A3652 /* Info.plist */ = {isa = PBXFileReference; lastKnownFileType = text.plist.xml; path = Info.plist; sourceTree = "<group>"; };
		317FFE7B24C5CC62000A3652 /* main.m */ = {isa = PBXFileReference; lastKnownFileType = sourcecode.c.objc; path = main.m; sourceTree = "<group>"; };
		317FFE8224C5CCD8000A3652 /* XLLabel.h */ = {isa = PBXFileReference; lastKnownFileType = sourcecode.c.h; path = XLLabel.h; sourceTree = "<group>"; };
		317FFE8324C5CCD8000A3652 /* XLLabel.m */ = {isa = PBXFileReference; lastKnownFileType = sourcecode.c.objc; path = XLLabel.m; sourceTree = "<group>"; };
/* End PBXFileReference section */

/* Begin PBXFrameworksBuildPhase section */
		317FFE6324C5CC60000A3652 /* Frameworks */ = {
			isa = PBXFrameworksBuildPhase;
			buildActionMask = 2147483647;
			files = (
			);
			runOnlyForDeploymentPostprocessing = 0;
		};
/* End PBXFrameworksBuildPhase section */

/* Begin PBXGroup section */
		317FFE5D24C5CC60000A3652 = {
			isa = PBXGroup;
			children = (
				317FFE6824C5CC60000A3652 /* iOS_Tips_4 */,
				317FFE6724C5CC60000A3652 /* Products */,
			);
			sourceTree = "<group>";
		};
		317FFE6724C5CC60000A3652 /* Products */ = {
			isa = PBXGroup;
			children = (
				317FFE6624C5CC60000A3652 /* iOS_Tips_4.app */,
			);
			name = Products;
			sourceTree = "<group>";
		};
		317FFE6824C5CC60000A3652 /* iOS_Tips_4 */ = {
			isa = PBXGroup;
			children = (
				317FFE6924C5CC60000A3652 /* AppDelegate.h */,
				317FFE6A24C5CC60000A3652 /* AppDelegate.m */,
				317FFE6C24C5CC60000A3652 /* SceneDelegate.h */,
				317FFE6D24C5CC60000A3652 /* SceneDelegate.m */,
				317FFE6F24C5CC60000A3652 /* ViewController.h */,
				317FFE7024C5CC60000A3652 /* ViewController.m */,
				317FFE7224C5CC60000A3652 /* Main.storyboard */,
				317FFE7524C5CC62000A3652 /* Assets.xcassets */,
				317FFE7724C5CC62000A3652 /* LaunchScreen.storyboard */,
				317FFE7A24C5CC62000A3652 /* Info.plist */,
				317FFE7B24C5CC62000A3652 /* main.m */,
				317FFE8224C5CCD8000A3652 /* XLLabel.h */,
				317FFE8324C5CCD8000A3652 /* XLLabel.m */,
			);
			path = iOS_Tips_4;
			sourceTree = "<group>";
		};
/* End PBXGroup section */

/* Begin PBXNativeTarget section */
		317FFE6524C5CC60000A3652 /* iOS_Tips_4 */ = {
			isa = PBXNativeTarget;
			buildConfigurationList = 317FFE7F24C5CC62000A3652 /* Build configuration list for PBXNativeTarget "iOS_Tips_4" */;
			buildPhases = (
				317FFE6224C5CC60000A3652 /* Sources */,
				317FFE6324C5CC60000A3652 /* Frameworks */,
				317FFE6424C5CC60000A3652 /* Resources */,
			);
			buildRules = (
			);
			dependencies = (
			);
			name = iOS_Tips_4;
			productName = iOS_Tips_4;
			productReference = 317FFE6624C5CC60000A3652 /* iOS_Tips_4.app */;
			productType = "com.apple.product-type.application";
		};
/* End PBXNativeTarget section */

/* Begin PBXProject section */
		317FFE5E24C5CC60000A3652 /* Project object */ = {
			isa = PBXProject;
			attributes = {
				LastUpgradeCheck = 1150;
				ORGANIZATIONNAME = yuanshi;
				TargetAttributes = {
					317FFE6524C5CC60000A3652 = {
						CreatedOnToolsVersion = 11.5;
					};
				};
			};
			buildConfigurationList = 317FFE6124C5CC60000A3652 /* Build configuration list for PBXProject "iOS_Tips_4" */;
			compatibilityVersion = "Xcode 9.3";
			developmentRegion = en;
			hasScannedForEncodings = 0;
			knownRegions = (
				en,
				Base,
			);
			mainGroup = 317FFE5D24C5CC60000A3652;
			productRefGroup = 317FFE6724C5CC60000A3652 /* Products */;
			projectDirPath = "";
			projectRoot = "";
			targets = (
				317FFE6524C5CC60000A3652 /* iOS_Tips_4 */,
			);
		};
/* End PBXProject section */

/* Begin PBXResourcesBuildPhase section */
		317FFE6424C5CC60000A3652 /* Resources */ = {
			isa = PBXResourcesBuildPhase;
			buildActionMask = 2147483647;
			files = (
				317FFE7924C5CC62000A3652 /* LaunchScreen.storyboard in Resources */,
				317FFE7624C5CC62000A3652 /* Assets.xcassets in Resources */,
				317FFE7424C5CC60000A3652 /* Main.storyboard in Resources */,
			);
			runOnlyForDeploymentPostprocessing = 0;
		};
/* End PBXResourcesBuildPhase section */

/* Begin PBXSourcesBuildPhase section */
		317FFE6224C5CC60000A3652 /* Sources */ = {
			isa = PBXSourcesBuildPhase;
			buildActionMask = 2147483647;
			files = (
				317FFE7124C5CC60000A3652 /* ViewController.m in Sources */,
				317FFE8424C5CCD8000A3652 /* XLLabel.m in Sources */,
				317FFE6B24C5CC60000A3652 /* AppDelegate.m in Sources */,
				317FFE7C24C5CC62000A3652 /* main.m in Sources */,
				317FFE6E24C5CC60000A3652 /* SceneDelegate.m in Sources */,
			);
			runOnlyForDeploymentPostprocessing = 0;
		};
/* End PBXSourcesBuildPhase section */

/* Begin PBXVariantGroup section */
		317FFE7224C5CC60000A3652 /* Main.storyboard */ = {
			isa = PBXVariantGroup;
			children = (
				317FFE7324C5CC60000A3652 /* Base */,
			);
			name = Main.storyboard;
			sourceTree = "<group>";
		};
		317FFE7724C5CC62000A3652 /* LaunchScreen.storyboard */ = {
			isa = PBXVariantGroup;
			children = (
				317FFE7824C5CC62000A3652 /* Base */,
			);
			name = LaunchScreen.storyboard;
			sourceTree = "<group>";
		};
/* End PBXVariantGroup section */

/* Begin XCBuildConfiguration section */
		317FFE7D24C5CC62000A3652 /* Debug */ = {
			isa = XCBuildConfiguration;
			buildSettings = {
				ALWAYS_SEARCH_USER_PATHS = NO;
				CLANG_ANALYZER_NONNULL = YES;
				CLANG_ANALYZER_NUMBER_OBJECT_CONVERSION = YES_AGGRESSIVE;
				CLANG_CXX_LANGUAGE_STANDARD = "gnu++14";
				CLANG_CXX_LIBRARY = "libc++";
				CLANG_ENABLE_MODULES = YES;
				CLANG_ENABLE_OBJC_ARC = YES;
				CLANG_ENABLE_OBJC_WEAK = YES;
				CLANG_WARN_BLOCK_CAPTURE_AUTORELEASING = YES;
				CLANG_WARN_BOOL_CONVERSION = YES;
				CLANG_WARN_COMMA = YES;
				CLANG_WARN_CONSTANT_CONVERSION = YES;
				CLANG_WARN_DEPRECATED_OBJC_IMPLEMENTATIONS = YES;
				CLANG_WARN_DIRECT_OBJC_ISA_USAGE = YES_ERROR;
				CLANG_WARN_DOCUMENTATION_COMMENTS = YES;
				CLANG_WARN_EMPTY_BODY = YES;
				CLANG_WARN_ENUM_CONVERSION = YES;
				CLANG_WARN_INFINITE_RECURSION = YES;
				CLANG_WARN_INT_CONVERSION = YES;
				CLANG_WARN_NON_LITERAL_NULL_CONVERSION = YES;
				CLANG_WARN_OBJC_IMPLICIT_RETAIN_SELF = YES;
				CLANG_WARN_OBJC_LITERAL_CONVERSION = YES;
				CLANG_WARN_OBJC_ROOT_CLASS = YES_ERROR;
				CLANG_WARN_RANGE_LOOP_ANALYSIS = YES;
				CLANG_WARN_STRICT_PROTOTYPES = YES;
				CLANG_WARN_SUSPICIOUS_MOVE = YES;
				CLANG_WARN_UNGUARDED_AVAILABILITY = YES_AGGRESSIVE;
				CLANG_WARN_UNREACHABLE_CODE = YES;
				CLANG_WARN__DUPLICATE_METHOD_MATCH = YES;
				COPY_PHASE_STRIP = NO;
				DEBUG_INFORMATION_FORMAT = dwarf;
				ENABLE_STRICT_OBJC_MSGSEND = YES;
				ENABLE_TESTABILITY = YES;
				GCC_C_LANGUAGE_STANDARD = gnu11;
				GCC_DYNAMIC_NO_PIC = NO;
				GCC_NO_COMMON_BLOCKS = YES;
				GCC_OPTIMIZATION_LEVEL = 0;
				GCC_PREPROCESSOR_DEFINITIONS = (
					"DEBUG=1",
					"$(inherited)",
				);
				GCC_WARN_64_TO_32_BIT_CONVERSION = YES;
				GCC_WARN_ABOUT_RETURN_TYPE = YES_ERROR;
				GCC_WARN_UNDECLARED_SELECTOR = YES;
				GCC_WARN_UNINITIALIZED_AUTOS = YES_AGGRESSIVE;
				GCC_WARN_UNUSED_FUNCTION = YES;
				GCC_WARN_UNUSED_VARIABLE = YES;
				IPHONEOS_DEPLOYMENT_TARGET = 13.5;
				MTL_ENABLE_DEBUG_INFO = INCLUDE_SOURCE;
				MTL_FAST_MATH = YES;
				ONLY_ACTIVE_ARCH = YES;
				SDKROOT = iphoneos;
			};
			name = Debug;
		};
		317FFE7E24C5CC62000A3652 /* Release */ = {
			isa = XCBuildConfiguration;
			buildSettings = {
				ALWAYS_SEARCH_USER_PATHS = NO;
				CLANG_ANALYZER_NONNULL = YES;
				CLANG_ANALYZER_NUMBER_OBJECT_CONVERSION = YES_AGGRESSIVE;
				CLANG_CXX_LANGUAGE_STANDARD = "gnu++14";
				CLANG_CXX_LIBRARY = "libc++";
				CLANG_ENABLE_MODULES = YES;
				CLANG_ENABLE_OBJC_ARC = YES;
				CLANG_ENABLE_OBJC_WEAK = YES;
				CLANG_WARN_BLOCK_CAPTURE_AUTORELEASING = YES;
				CLANG_WARN_BOOL_CONVERSION = YES;
				CLANG_WARN_COMMA = YES;
				CLANG_WARN_CONSTANT_CONVERSION = YES;
				CLANG_WARN_DEPRECATED_OBJC_IMPLEMENTATIONS = YES;
				CLANG_WARN_DIRECT_OBJC_ISA_USAGE = YES_ERROR;
				CLANG_WARN_DOCUMENTATION_COMMENTS = YES;
				CLANG_WARN_EMPTY_BODY = YES;
				CLANG_WARN_ENUM_CONVERSION = YES;
				CLANG_WARN_INFINITE_RECURSION = YES;
				CLANG_WARN_INT_CONVERSION = YES;
				CLANG_WARN_NON_LITERAL_NULL_CONVERSION = YES;
				CLANG_WARN_OBJC_IMPLICIT_RETAIN_SELF = YES;
				CLANG_WARN_OBJC_LITERAL_CONVERSION = YES;
				CLANG_WARN_OBJC_ROOT_CLASS = YES_ERROR;
				CLANG_WARN_RANGE_LOOP_ANALYSIS = YES;
				CLANG_WARN_STRICT_PROTOTYPES = YES;
				CLANG_WARN_SUSPICIOUS_MOVE = YES;
				CLANG_WARN_UNGUARDED_AVAILABILITY = YES_AGGRESSIVE;
				CLANG_WARN_UNREACHABLE_CODE = YES;
				CLANG_WARN__DUPLICATE_METHOD_MATCH = YES;
				COPY_PHASE_STRIP = NO;
				DEBUG_INFORMATION_FORMAT = "dwarf-with-dsym";
				ENABLE_NS_ASSERTIONS = NO;
				ENABLE_STRICT_OBJC_MSGSEND = YES;
				GCC_C_LANGUAGE_STANDARD = gnu11;
				GCC_NO_COMMON_BLOCKS = YES;
				GCC_WARN_64_TO_32_BIT_CONVERSION = YES;
				GCC_WARN_ABOUT_RETURN_TYPE = YES_ERROR;
				GCC_WARN_UNDECLARED_SELECTOR = YES;
				GCC_WARN_UNINITIALIZED_AUTOS = YES_AGGRESSIVE;
				GCC_WARN_UNUSED_FUNCTION = YES;
				GCC_WARN_UNUSED_VARIABLE = YES;
				IPHONEOS_DEPLOYMENT_TARGET = 13.5;
				MTL_ENABLE_DEBUG_INFO = NO;
				MTL_FAST_MATH = YES;
				SDKROOT = iphoneos;
				VALIDATE_PRODUCT = YES;
			};
			name = Release;
		};
		317FFE8024C5CC62000A3652 /* Debug */ = {
			isa = XCBuildConfiguration;
			buildSettings = {
				ASSETCATALOG_COMPILER_APPICON_NAME = AppIcon;
				CODE_SIGN_STYLE = Automatic;
				DEVELOPMENT_TEAM = 7HLAS7R6T3;
				INFOPLIST_FILE = iOS_Tips_4/Info.plist;
				LD_RUNPATH_SEARCH_PATHS = (
					"$(inherited)",
					"@executable_path/Frameworks",
				);
				PRODUCT_BUNDLE_IDENTIFIER = "yuanshi.iOS-Tips-4";
				PRODUCT_NAME = "$(TARGET_NAME)";
				TARGETED_DEVICE_FAMILY = "1,2";
			};
			name = Debug;
		};
		317FFE8124C5CC62000A3652 /* Release */ = {
			isa = XCBuildConfiguration;
			buildSettings = {
				ASSETCATALOG_COMPILER_APPICON_NAME = AppIcon;
				CODE_SIGN_STYLE = Automatic;
				DEVELOPMENT_TEAM = 7HLAS7R6T3;
				INFOPLIST_FILE = iOS_Tips_4/Info.plist;
				LD_RUNPATH_SEARCH_PATHS = (
					"$(inherited)",
					"@executable_path/Frameworks",
				);
				PRODUCT_BUNDLE_IDENTIFIER = "yuanshi.iOS-Tips-4";
				PRODUCT_NAME = "$(TARGET_NAME)";
				TARGETED_DEVICE_FAMILY = "1,2";
			};
			name = Release;
		};
/* End XCBuildConfiguration section */

/* Begin XCConfigurationList section */
		317FFE6124C5CC60000A3652 /* Build configuration list for PBXProject "iOS_Tips_4" */ = {
			isa = XCConfigurationList;
			buildConfigurations = (
				317FFE7D24C5CC62000A3652 /* Debug */,
				317FFE7E24C5CC62000A3652 /* Release */,
			);
			defaultConfigurationIsVisible = 0;
			defaultConfigurationName = Release;
		};
		317FFE7F24C5CC62000A3652 /* Build configuration list for PBXNativeTarget "iOS_Tips_4" */ = {
			isa = XCConfigurationList;
			buildConfigurations = (
				317FFE8024C5CC62000A3652 /* Debug */,
				317FFE8124C5CC62000A3652 /* Release */,
			);
			defaultConfigurationIsVisible = 0;
			defaultConfigurationName = Release;
		};
/* End XCConfigurationList section */
	};
	rootObject = 317FFE5E24C5CC60000A3652 /* Project object */;
}
